
Microsoft Visual Studio Solution File, Format Version 12.00
# Visual Studio 15
VisualStudioVersion = 15.0.27130.2010
MinimumVisualStudioVersion = 10.0.40219.1
Project("{FAE04EC0-301F-11D3-BF4B-00C04F79EFBC}") = "Wbod", "Wbod\Wbod.csproj", "{E4F95D90-ED4D-47D5-B943-42EBB916D055}"
EndProject
Global
	GlobalSection(SolutionConfigurationPlatforms) = preSolution
		Debug|Any CPU = Debug|Any CPU
		Release|Any CPU = Release|Any CPU
	EndGlobalSection
	GlobalSection(ProjectConfigurationPlatforms) = postSolution
		{E4F95D90-ED4D-47D5-B943-42EBB916D055}.Debug|Any CPU.ActiveCfg = Debug|Any CPU
		{E4F95D90-ED4D-47D5-B943-42EBB916D055}.Debug|Any CPU.Build.0 = Debug|Any CPU
		{E4F95D90-ED4D-47D5-B943-42EBB916D055}.Release|Any CPU.ActiveCfg = Release|Any CPU
		{E4F95D90-ED4D-47D5-B943-42EBB916D055}.Release|Any CPU.Build.0 = Release|Any CPU
	EndGlobalSection
	GlobalSection(SolutionProperties) = preSolution
		HideSolutionNode = FALSE
	EndGlobalSection
	GlobalSection(ExtensibilityGlobals) = postSolution
		SolutionGuid = {3E6CD53D-8B2A-4627-A721-033AAD8BCF3B}
	EndGlobalSection
EndGlobal
